
Microsoft Visual Studio Solution File, Format Version 12.00
# Visual Studio Version 17
VisualStudioVersion = 17.6.33927.249
MinimumVisualStudioVersion = 10.0.40219.1
Project("{FAE04EC0-301F-11D3-BF4B-00C04F79EFBC}") = "Pattern.Strategy", "Pattern.Strategy\Pattern.Strategy.csproj", "{916B2F6A-D5E0-49F3-9AC7-602DFF30A960}"
EndProject
Project("{FAE04EC0-301F-11D3-BF4B-00C04F79EFBC}") = "Pattern.StrategyTests", "Pattern.StrategyTests\Pattern.StrategyTests.csproj", "{99F316AC-7EB0-4788-81C9-A317E29BE198}"
EndProject
Global
	GlobalSection(SolutionConfigurationPlatforms) = preSolution
		Debug|Any CPU = Debug|Any CPU
		Release|Any CPU = Release|Any CPU
	EndGlobalSection
	GlobalSection(ProjectConfigurationPlatforms) = postSolution
		{916B2F6A-D5E0-49F3-9AC7-602DFF30A960}.Debug|Any CPU.ActiveCfg = Debug|Any CPU
		{916B2F6A-D5E0-49F3-9AC7-602DFF30A960}.Debug|Any CPU.Build.0 = Debug|Any CPU
		{916B2F6A-D5E0-49F3-9AC7-602DFF30A960}.Release|Any CPU.ActiveCfg = Release|Any CPU
		{916B2F6A-D5E0-49F3-9AC7-602DFF30A960}.Release|Any CPU.Build.0 = Release|Any CPU
		{99F316AC-7EB0-4788-81C9-A317E29BE198}.Debug|Any CPU.ActiveCfg = Debug|Any CPU
		{99F316AC-7EB0-4788-81C9-A317E29BE198}.Debug|Any CPU.Build.0 = Debug|Any CPU
		{99F316AC-7EB0-4788-81C9-A317E29BE198}.Release|Any CPU.ActiveCfg = Release|Any CPU
		{99F316AC-7EB0-4788-81C9-A317E29BE198}.Release|Any CPU.Build.0 = Release|Any CPU
	EndGlobalSection
	GlobalSection(SolutionProperties) = preSolution
		HideSolutionNode = FALSE
	EndGlobalSection
	GlobalSection(ExtensibilityGlobals) = postSolution
		SolutionGuid = {93C82C87-B987-44E6-AF12-E3E8E3BA4F5C}
	EndGlobalSection
EndGlobal
